{
  "requires": true,
  "lockfileVersion": 1,
  "dependencies": {
    "heap-js": {
      "version": "2.1.1",
      "resolved": "https://registry.npmjs.org/heap-js/-/heap-js-2.1.1.tgz",
      "integrity": "sha512-hqBidw0lY8sDMy5PUHbY+P4KZcGM2ArnnY3SqSkNoI14RJfhik7Bse3zHzSh6ZYXEUxBj/7nEdQUrpXtf+OYYQ=="
    }
  }
}
